
Microsoft Visual Studio Solution File, Format Version 12.00
# Visual Studio 2012
Project("{FAE04EC0-301F-11D3-BF4B-00C04F79EFBC}") = "SingletonDemo", "SingletonDemo\SingletonDemo.csproj", "{FBFC80BC-31FD-444D-A805-C6D58665652F}"
EndProject
Global
	GlobalSection(SolutionConfigurationPlatforms) = preSolution
		Debug|Any CPU = Debug|Any CPU
		Release|Any CPU = Release|Any CPU
	EndGlobalSection
	GlobalSection(ProjectConfigurationPlatforms) = postSolution
		{FBFC80BC-31FD-444D-A805-C6D58665652F}.Debug|Any CPU.ActiveCfg = Debug|Any CPU
		{FBFC80BC-31FD-444D-A805-C6D58665652F}.Debug|Any CPU.Build.0 = Debug|Any CPU
		{FBFC80BC-31FD-444D-A805-C6D58665652F}.Release|Any CPU.ActiveCfg = Release|Any CPU
		{FBFC80BC-31FD-444D-A805-C6D58665652F}.Release|Any CPU.Build.0 = Release|Any CPU
	EndGlobalSection
	GlobalSection(SolutionProperties) = preSolution
		HideSolutionNode = FALSE
	EndGlobalSection
EndGlobal
