
Microsoft Visual Studio Solution File, Format Version 12.00
# Visual Studio 2012
Project("{FAE04EC0-301F-11D3-BF4B-00C04F79EFBC}") = "yieldExample", "yieldExample\yieldExample.csproj", "{38A46DEF-BB33-47B8-8CDA-FF9F5654BD40}"
EndProject
Global
	GlobalSection(SolutionConfigurationPlatforms) = preSolution
		Debug|Any CPU = Debug|Any CPU
		Release|Any CPU = Release|Any CPU
	EndGlobalSection
	GlobalSection(ProjectConfigurationPlatforms) = postSolution
		{38A46DEF-BB33-47B8-8CDA-FF9F5654BD40}.Debug|Any CPU.ActiveCfg = Debug|Any CPU
		{38A46DEF-BB33-47B8-8CDA-FF9F5654BD40}.Debug|Any CPU.Build.0 = Debug|Any CPU
		{38A46DEF-BB33-47B8-8CDA-FF9F5654BD40}.Release|Any CPU.ActiveCfg = Release|Any CPU
		{38A46DEF-BB33-47B8-8CDA-FF9F5654BD40}.Release|Any CPU.Build.0 = Release|Any CPU
	EndGlobalSection
	GlobalSection(SolutionProperties) = preSolution
		HideSolutionNode = FALSE
	EndGlobalSection
EndGlobal
